
Microsoft Visual Studio Solution File, Format Version 12.00
# Visual Studio 15
VisualStudioVersion = 15.0.28307.645
MinimumVisualStudioVersion = 10.0.40219.1
Project("{9A19103F-16F7-4668-BE54-9A1E7A4F7556}") = "JWTDemo", "JWTDemo\JWTDemo.csproj", "{FC73592C-4352-4D79-B9ED-118BA8A13052}"
EndProject
Global
	GlobalSection(SolutionConfigurationPlatforms) = preSolution
		Debug|Any CPU = Debug|Any CPU
		Release|Any CPU = Release|Any CPU
	EndGlobalSection
	GlobalSection(ProjectConfigurationPlatforms) = postSolution
		{FC73592C-4352-4D79-B9ED-118BA8A13052}.Debug|Any CPU.ActiveCfg = Debug|Any CPU
		{FC73592C-4352-4D79-B9ED-118BA8A13052}.Debug|Any CPU.Build.0 = Debug|Any CPU
		{FC73592C-4352-4D79-B9ED-118BA8A13052}.Release|Any CPU.ActiveCfg = Release|Any CPU
		{FC73592C-4352-4D79-B9ED-118BA8A13052}.Release|Any CPU.Build.0 = Release|Any CPU
	EndGlobalSection
	GlobalSection(SolutionProperties) = preSolution
		HideSolutionNode = FALSE
	EndGlobalSection
	GlobalSection(ExtensibilityGlobals) = postSolution
		SolutionGuid = {2ABFD9BE-77B5-40D9-A664-35A33C24B5A5}
	EndGlobalSection
EndGlobal
